
Microsoft Visual Studio Solution File, Format Version 12.00
# Visual Studio 14
VisualStudioVersion = 14.0.25420.1
MinimumVisualStudioVersion = 10.0.40219.1
Project("{FAE04EC0-301F-11D3-BF4B-00C04F79EFBC}") = "RecruitmentService", "RecruitmentService\RecruitmentService.csproj", "{BEA939C5-B6D8-4506-A1EF-1EDC1C0FEA89}"
EndProject
Project("{FAE04EC0-301F-11D3-BF4B-00C04F79EFBC}") = "EmployeeDocumentService", "EmployeeDocumentService\EmployeeDocumentService.csproj", "{874DB1F5-9E05-4D11-80A8-1F6A85C0D286}"
EndProject
Global
	GlobalSection(SolutionConfigurationPlatforms) = preSolution
		Debug|Any CPU = Debug|Any CPU
		Release|Any CPU = Release|Any CPU
	EndGlobalSection
	GlobalSection(ProjectConfigurationPlatforms) = postSolution
		{BEA939C5-B6D8-4506-A1EF-1EDC1C0FEA89}.Debug|Any CPU.ActiveCfg = Debug|Any CPU
		{BEA939C5-B6D8-4506-A1EF-1EDC1C0FEA89}.Debug|Any CPU.Build.0 = Debug|Any CPU
		{BEA939C5-B6D8-4506-A1EF-1EDC1C0FEA89}.Release|Any CPU.ActiveCfg = Release|Any CPU
		{BEA939C5-B6D8-4506-A1EF-1EDC1C0FEA89}.Release|Any CPU.Build.0 = Release|Any CPU
		{874DB1F5-9E05-4D11-80A8-1F6A85C0D286}.Debug|Any CPU.ActiveCfg = Debug|Any CPU
		{874DB1F5-9E05-4D11-80A8-1F6A85C0D286}.Debug|Any CPU.Build.0 = Debug|Any CPU
		{874DB1F5-9E05-4D11-80A8-1F6A85C0D286}.Release|Any CPU.ActiveCfg = Release|Any CPU
		{874DB1F5-9E05-4D11-80A8-1F6A85C0D286}.Release|Any CPU.Build.0 = Release|Any CPU
	EndGlobalSection
	GlobalSection(SolutionProperties) = preSolution
		HideSolutionNode = FALSE
	EndGlobalSection
EndGlobal
